{
    "_readme": [
        "This file locks the dependencies of your project to a known state",
        "Read more about it at https://getcomposer.org/doc/01-basic-usage.md#composer-lock-the-lock-file",
        "This file is @generated automatically"
    ],
    "hash": "f9ba153a49e1fcceb57f7c8ff5f7f37d",
    "content-hash": "5983cce4b44808b18fb3e916224b3048",
    "packages": [
        {
            "name": "google/apiclient",
            "version": "v1.1.8",
            "source": {
                "type": "git",
                "url": "https://github.com/google/google-api-php-client.git",
                "reference": "85309a3520bb5f53368d43e35fd24f43c9556323"
            },
            "dist": {
                "type": "zip",
                "url": "https://api.github.com/repos/google/google-api-php-client/zipball/85309a3520bb5f53368d43e35fd24f43c9556323",
                "reference": "85309a3520bb5f53368d43e35fd24f43c9556323",
                "shasum": ""
            },
            "require": {
                "php": ">=5.2.1"
            },
            "require-dev": {
                "phpunit/phpunit": "3.7.*",
                "squizlabs/php_codesniffer": "~2.3"
            },
            "type": "library",
            "extra": {
                "branch-alias": {
                    "dev-v1-master": "1.1.x-dev"
                }
            },
            "autoload": {
                "files": [
                    "src/Google/autoload.php"
                ]
            },
            "notification-url": "https://packagist.org/downloads/",
            "license": [
                "Apache-2.0"
            ],
            "description": "Client library for Google APIs",
            "homepage": "http://developers.google.com/api-client-library/php",
            "keywords": [
                "google"
            ],
            "time": "2016-06-06 21:22:48"
        },
        {
            "name": "mach3/google-spreadsheet",
            "version": "v0.1.6",
            "source": {
                "type": "git",
                "url": "https://github.com/mach3/google-spreadsheet.php.git",
                "reference": "2c3efbc96e376f02db8af16c918327a2b9747501"
            },
            "dist": {
                "type": "zip",
                "url": "https://api.github.com/repos/mach3/google-spreadsheet.php/zipball/2c3efbc96e376f02db8af16c918327a2b9747501",
                "reference": "2c3efbc96e376f02db8af16c918327a2b9747501",
                "shasum": ""
            },
            "require": {
                "google/apiclient": "1.*"
            },
            "type": "library",
            "autoload": {
                "classmap": [
                    "src"
                ]
            },
            "notification-url": "https://packagist.org/downloads/",
            "license": [
                "MIT"
            ],
            "authors": [
                {
                    "name": "mach3",
                    "email": "mach3ss@gmail.com"
                }
            ],
            "description": "Google spreadsheet client",
            "time": "2017-02-23 11:53:52"
        }
    ],
    "packages-dev": [],
    "aliases": [],
    "minimum-stability": "stable",
    "stability-flags": [],
    "prefer-stable": false,
    "prefer-lowest": false,
    "platform": [],
    "platform-dev": []
}
