{
    "_readme": [
        "This file locks the dependencies of your project to a known state",
        "Read more about it at https://getcomposer.org/doc/01-basic-usage.md#composer-lock-the-lock-file",
        "This file is @generated automatically"
    ],
    "hash": "6116ad0412cf371127451f0f3d81b04c",
    "content-hash": "32235c9d8b84ef8d0676da6437efef50",
    "packages": [
        {
            "name": "google/apiclient",
            "version": "v1.1.8",
            "source": {
                "type": "git",
                "url": "https://github.com/google/google-api-php-client.git",
                "reference": "85309a3520bb5f53368d43e35fd24f43c9556323"
            },
            "dist": {
                "type": "zip",
                "url": "https://api.github.com/repos/google/google-api-php-client/zipball/85309a3520bb5f53368d43e35fd24f43c9556323",
                "reference": "85309a3520bb5f53368d43e35fd24f43c9556323",
                "shasum": ""
            },
            "require": {
                "php": ">=5.2.1"
            },
            "require-dev": {
                "phpunit/phpunit": "3.7.*",
                "squizlabs/php_codesniffer": "~2.3"
            },
            "type": "library",
            "extra": {
                "branch-alias": {
                    "dev-v1-master": "1.1.x-dev"
                }
            },
            "autoload": {
                "files": [
                    "src/Google/autoload.php"
                ]
            },
            "notification-url": "https://packagist.org/downloads/",
            "license": [
                "Apache-2.0"
            ],
            "description": "Client library for Google APIs",
            "homepage": "http://developers.google.com/api-client-library/php",
            "keywords": [
                "google"
            ],
            "time": "2016-06-06 21:22:48"
        },
        {
            "name": "mach3/google-spreadsheet",
            "version": "v0.1.6",
            "source": {
                "type": "git",
                "url": "https://github.com/mach3/google-spreadsheet.php.git",
                "reference": "2c3efbc96e376f02db8af16c918327a2b9747501"
            },
            "dist": {
                "type": "zip",
                "url": "https://api.github.com/repos/mach3/google-spreadsheet.php/zipball/2c3efbc96e376f02db8af16c918327a2b9747501",
                "reference": "2c3efbc96e376f02db8af16c918327a2b9747501",
                "shasum": ""
            },
            "require": {
                "google/apiclient": "1.*"
            },
            "type": "library",
            "autoload": {
                "classmap": [
                    "src"
                ]
            },
            "notification-url": "https://packagist.org/downloads/",
            "license": [
                "MIT"
            ],
            "authors": [
                {
                    "name": "mach3",
                    "email": "mach3ss@gmail.com"
                }
            ],
            "description": "Google spreadsheet client",
            "time": "2017-02-23 11:53:52"
        },
        {
            "name": "symfony/yaml",
            "version": "v3.3.10",
            "source": {
                "type": "git",
                "url": "https://github.com/symfony/yaml.git",
                "reference": "8c7bf1e7d5d6b05a690b715729cb4cd0c0a99c46"
            },
            "dist": {
                "type": "zip",
                "url": "https://api.github.com/repos/symfony/yaml/zipball/8c7bf1e7d5d6b05a690b715729cb4cd0c0a99c46",
                "reference": "8c7bf1e7d5d6b05a690b715729cb4cd0c0a99c46",
                "shasum": ""
            },
            "require": {
                "php": "^5.5.9|>=7.0.8"
            },
            "require-dev": {
                "symfony/console": "~2.8|~3.0"
            },
            "suggest": {
                "symfony/console": "For validating YAML files using the lint command"
            },
            "type": "library",
            "extra": {
                "branch-alias": {
                    "dev-master": "3.3-dev"
                }
            },
            "autoload": {
                "psr-4": {
                    "Symfony\\Component\\Yaml\\": ""
                },
                "exclude-from-classmap": [
                    "/Tests/"
                ]
            },
            "notification-url": "https://packagist.org/downloads/",
            "license": [
                "MIT"
            ],
            "authors": [
                {
                    "name": "Fabien Potencier",
                    "email": "fabien@symfony.com"
                },
                {
                    "name": "Symfony Community",
                    "homepage": "https://symfony.com/contributors"
                }
            ],
            "description": "Symfony Yaml Component",
            "homepage": "https://symfony.com",
            "time": "2017-10-05 14:43:42"
        }
    ],
    "packages-dev": [],
    "aliases": [],
    "minimum-stability": "stable",
    "stability-flags": [],
    "prefer-stable": false,
    "prefer-lowest": false,
    "platform": [],
    "platform-dev": []
}
